// !$*UTF8*$!
{
	archiveVersion = 1;
	classes = {
	};
	objectVersion = 46;
	objects = {

/* Begin PBXBuildFile section */
		520AE6151CC0783900532C55 /* ZENewTimeLineHeaderView.swift in Sources */ = {isa = PBXBuildFile; fileRef = 520AE6141CC0783900532C55 /* ZENewTimeLineHeaderView.swift */; };
		520AE6171CC0784800532C55 /* ZENewTimeLineHeaderView.xib in Resources */ = {isa = PBXBuildFile; fileRef = 520AE6161CC0784800532C55 /* ZENewTimeLineHeaderView.xib */; };
		520AE6191CC07B7600532C55 /* ZETableModel.swift in Sources */ = {isa = PBXBuildFile; fileRef = 520AE6181CC07B7600532C55 /* ZETableModel.swift */; };
		520AE61F1CC0A1AB00532C55 /* ZETableDataSource.swift in Sources */ = {isa = PBXBuildFile; fileRef = 520AE61E1CC0A1AB00532C55 /* ZETableDataSource.swift */; };
		52216BE31CCA71470084CC7F /* XTStatusCloud.swift in Sources */ = {isa = PBXBuildFile; fileRef = 52216BE21CCA71470084CC7F /* XTStatusCloud.swift */; };
		524131AE1CBBD96100D703A6 /* AppDelegate.swift in Sources */ = {isa = PBXBuildFile; fileRef = 524131A31CBBD96100D703A6 /* AppDelegate.swift */; };
		524131AF1CBBD96100D703A6 /* LaunchScreen.storyboard in Resources */ = {isa = PBXBuildFile; fileRef = 524131A41CBBD96100D703A6 /* LaunchScreen.storyboard */; };
		524131B01CBBD96100D703A6 /* Main.storyboard in Resources */ = {isa = PBXBuildFile; fileRef = 524131A51CBBD96100D703A6 /* Main.storyboard */; };
		524131C91CBBDA4A00D703A6 /* ZEHomeViewController.swift in Sources */ = {isa = PBXBuildFile; fileRef = 524131C81CBBDA4A00D703A6 /* ZEHomeViewController.swift */; };
		524131CB1CBBDA6C00D703A6 /* ZEHomeModel.swift in Sources */ = {isa = PBXBuildFile; fileRef = 524131CA1CBBDA6C00D703A6 /* ZEHomeModel.swift */; };
		524131CD1CBBE2F100D703A6 /* Assets.xcassets in Resources */ = {isa = PBXBuildFile; fileRef = 524131CC1CBBE2F100D703A6 /* Assets.xcassets */; };
		52687F351CBFC99F00C38EA5 /* ZEPageViewController.swift in Sources */ = {isa = PBXBuildFile; fileRef = 52687F291CBFC99F00C38EA5 /* ZEPageViewController.swift */; };
		52687F361CBFC99F00C38EA5 /* ZETableViewController.swift in Sources */ = {isa = PBXBuildFile; fileRef = 52687F2A1CBFC99F00C38EA5 /* ZETableViewController.swift */; };
		52687F381CBFC99F00C38EA5 /* ZECell.swift in Sources */ = {isa = PBXBuildFile; fileRef = 52687F2E1CBFC99F00C38EA5 /* ZECell.swift */; };
		52687F391CBFC99F00C38EA5 /* ZECell.xib in Resources */ = {isa = PBXBuildFile; fileRef = 52687F2F1CBFC99F00C38EA5 /* ZECell.xib */; };
		52687F3A1CBFC99F00C38EA5 /* ZEHeaderView.swift in Sources */ = {isa = PBXBuildFile; fileRef = 52687F301CBFC99F00C38EA5 /* ZEHeaderView.swift */; };
		52687F3B1CBFC99F00C38EA5 /* ZEHeaderView.xib in Resources */ = {isa = PBXBuildFile; fileRef = 52687F311CBFC99F00C38EA5 /* ZEHeaderView.xib */; };
		52687F3C1CBFC99F00C38EA5 /* ZEMenuView.swift in Sources */ = {isa = PBXBuildFile; fileRef = 52687F321CBFC99F00C38EA5 /* ZEMenuView.swift */; };
		52687F3D1CBFC99F00C38EA5 /* ZETopView.swift in Sources */ = {isa = PBXBuildFile; fileRef = 52687F331CBFC99F00C38EA5 /* ZETopView.swift */; };
		52687F3E1CBFC99F00C38EA5 /* ZETopView.xib in Resources */ = {isa = PBXBuildFile; fileRef = 52687F341CBFC99F00C38EA5 /* ZETopView.xib */; };
		52687F401CBFD04600C38EA5 /* ZEIdentifreHeader.swift in Sources */ = {isa = PBXBuildFile; fileRef = 52687F3F1CBFD04600C38EA5 /* ZEIdentifreHeader.swift */; };
		52687F481CBFD23100C38EA5 /* ZEPageConrolMacro.swift in Sources */ = {isa = PBXBuildFile; fileRef = 52687F471CBFD23100C38EA5 /* ZEPageConrolMacro.swift */; };
		5299B6581CD0C70B00238BCB /* ZENewStatusModel.swift in Sources */ = {isa = PBXBuildFile; fileRef = 5299B6571CD0C70B00238BCB /* ZENewStatusModel.swift */; };
		529C0B2A1CCB58AA0062757B /* XTStatusMdoel.swift in Sources */ = {isa = PBXBuildFile; fileRef = 529C0B291CCB58AA0062757B /* XTStatusMdoel.swift */; };
		529C0B2C1CCB592B0062757B /* ZEStatusHeader.swift in Sources */ = {isa = PBXBuildFile; fileRef = 529C0B2B1CCB592B0062757B /* ZEStatusHeader.swift */; };
		529C0B2E1CCB59530062757B /* ZEHelperHeader.swift in Sources */ = {isa = PBXBuildFile; fileRef = 529C0B2D1CCB59530062757B /* ZEHelperHeader.swift */; };
		52F072501CCA58EF00CBB569 /* AlbumToolbarView.swift in Sources */ = {isa = PBXBuildFile; fileRef = 52F0723C1CCA58EF00CBB569 /* AlbumToolbarView.swift */; };
		52F072511CCA58EF00CBB569 /* ImageModel.swift in Sources */ = {isa = PBXBuildFile; fileRef = 52F0723D1CCA58EF00CBB569 /* ImageModel.swift */; };
		52F072521CCA58EF00CBB569 /* NSIndexSet+Extension.swift in Sources */ = {isa = PBXBuildFile; fileRef = 52F0723E1CCA58EF00CBB569 /* NSIndexSet+Extension.swift */; };
		52F072531CCA58EF00CBB569 /* PhotoAlbumsTableViewController.swift in Sources */ = {isa = PBXBuildFile; fileRef = 52F0723F1CCA58EF00CBB569 /* PhotoAlbumsTableViewController.swift */; };
		52F072541CCA58EF00CBB569 /* PhotoAlbumTableViewCell.swift in Sources */ = {isa = PBXBuildFile; fileRef = 52F072401CCA58EF00CBB569 /* PhotoAlbumTableViewCell.swift */; };
		52F072551CCA58EF00CBB569 /* PhotoAlbumTableViewCell.xib in Resources */ = {isa = PBXBuildFile; fileRef = 52F072411CCA58EF00CBB569 /* PhotoAlbumTableViewCell.xib */; };
		52F072561CCA58EF00CBB569 /* photoCollectionViewCell.swift in Sources */ = {isa = PBXBuildFile; fileRef = 52F072421CCA58EF00CBB569 /* photoCollectionViewCell.swift */; };
		52F072571CCA58EF00CBB569 /* photoCollectionViewCell.xib in Resources */ = {isa = PBXBuildFile; fileRef = 52F072431CCA58EF00CBB569 /* photoCollectionViewCell.xib */; };
		52F072581CCA58EF00CBB569 /* PhotoCollectionViewController.swift in Sources */ = {isa = PBXBuildFile; fileRef = 52F072441CCA58EF00CBB569 /* PhotoCollectionViewController.swift */; };
		52F072591CCA58EF00CBB569 /* PhotoFetchOptions.swift in Sources */ = {isa = PBXBuildFile; fileRef = 52F072451CCA58EF00CBB569 /* PhotoFetchOptions.swift */; };
		52F0725A1CCA58EF00CBB569 /* PhotoImage.swift in Sources */ = {isa = PBXBuildFile; fileRef = 52F072461CCA58EF00CBB569 /* PhotoImage.swift */; };
		52F0725B1CCA58EF00CBB569 /* PhotoImageManager.swift in Sources */ = {isa = PBXBuildFile; fileRef = 52F072471CCA58EF00CBB569 /* PhotoImageManager.swift */; };
		52F0725C1CCA58EF00CBB569 /* PhotoPickerConfig.swift in Sources */ = {isa = PBXBuildFile; fileRef = 52F072481CCA58EF00CBB569 /* PhotoPickerConfig.swift */; };
		52F0725D1CCA58EF00CBB569 /* PhotoPickerController.swift in Sources */ = {isa = PBXBuildFile; fileRef = 52F072491CCA58EF00CBB569 /* PhotoPickerController.swift */; };
		52F0725E1CCA58EF00CBB569 /* PhotoPreviewBottomBarView.swift in Sources */ = {isa = PBXBuildFile; fileRef = 52F0724A1CCA58EF00CBB569 /* PhotoPreviewBottomBarView.swift */; };
		52F0725F1CCA58EF00CBB569 /* PhotoPreviewCell.swift in Sources */ = {isa = PBXBuildFile; fileRef = 52F0724B1CCA58EF00CBB569 /* PhotoPreviewCell.swift */; };
		52F072601CCA58EF00CBB569 /* PhotoPreviewToolbarView.swift in Sources */ = {isa = PBXBuildFile; fileRef = 52F0724C1CCA58EF00CBB569 /* PhotoPreviewToolbarView.swift */; };
		52F072611CCA58EF00CBB569 /* PhotoPreviewViewController.swift in Sources */ = {isa = PBXBuildFile; fileRef = 52F0724D1CCA58EF00CBB569 /* PhotoPreviewViewController.swift */; };
		52F072621CCA58EF00CBB569 /* UICollectionView+Extension.swift in Sources */ = {isa = PBXBuildFile; fileRef = 52F0724E1CCA58EF00CBB569 /* UICollectionView+Extension.swift */; };
		52F072631CCA58EF00CBB569 /* UIImage+Extension.swift in Sources */ = {isa = PBXBuildFile; fileRef = 52F0724F1CCA58EF00CBB569 /* UIImage+Extension.swift */; };
		52F072651CCA59F600CBB569 /* PhotoImageModel.swift in Sources */ = {isa = PBXBuildFile; fileRef = 52F072641CCA59F600CBB569 /* PhotoImageModel.swift */; };
		52F072671CCA5A0100CBB569 /* ZENewStatusewController.swift in Sources */ = {isa = PBXBuildFile; fileRef = 52F072661CCA5A0100CBB569 /* ZENewStatusewController.swift */; };
		52F072691CCA5A1F00CBB569 /* SinglePhotoPreviewViewController.swift in Sources */ = {isa = PBXBuildFile; fileRef = 52F072681CCA5A1F00CBB569 /* SinglePhotoPreviewViewController.swift */; };
		CE103DB747624880DBC52E54 /* libPods.a in Frameworks */ = {isa = PBXBuildFile; fileRef = 6F1CA53081DAF9F649760FEA /* libPods.a */; };
/* End PBXBuildFile section */

/* Begin PBXFileReference section */
		017A3456417BEC410C35098D /* Pods.release.xcconfig */ = {isa = PBXFileReference; includeInIndex = 1; lastKnownFileType = text.xcconfig; name = Pods.release.xcconfig; path = "Pods/Target Support Files/Pods/Pods.release.xcconfig"; sourceTree = "<group>"; };
		1AF093CAE6281D9F5AE5BE35 /* Pods.debug.xcconfig */ = {isa = PBXFileReference; includeInIndex = 1; lastKnownFileType = text.xcconfig; name = Pods.debug.xcconfig; path = "Pods/Target Support Files/Pods/Pods.debug.xcconfig"; sourceTree = "<group>"; };
		520AE6141CC0783900532C55 /* ZENewTimeLineHeaderView.swift */ = {isa = PBXFileReference; fileEncoding = 4; lastKnownFileType = sourcecode.swift; path = ZENewTimeLineHeaderView.swift; sourceTree = "<group>"; };
		520AE6161CC0784800532C55 /* ZENewTimeLineHeaderView.xib */ = {isa = PBXFileReference; fileEncoding = 4; lastKnownFileType = file.xib; path = ZENewTimeLineHeaderView.xib; sourceTree = "<group>"; };
		520AE6181CC07B7600532C55 /* ZETableModel.swift */ = {isa = PBXFileReference; fileEncoding = 4; lastKnownFileType = sourcecode.swift; path = ZETableModel.swift; sourceTree = "<group>"; };
		520AE61E1CC0A1AB00532C55 /* ZETableDataSource.swift */ = {isa = PBXFileReference; fileEncoding = 4; lastKnownFileType = sourcecode.swift; path = ZETableDataSource.swift; sourceTree = "<group>"; };
		52216BE21CCA71470084CC7F /* XTStatusCloud.swift */ = {isa = PBXFileReference; fileEncoding = 4; lastKnownFileType = sourcecode.swift; path = XTStatusCloud.swift; sourceTree = "<group>"; };
		524131881CBBD8A900D703A6 /* ZENote.app */ = {isa = PBXFileReference; explicitFileType = wrapper.application; includeInIndex = 0; path = ZENote.app; sourceTree = BUILT_PRODUCTS_DIR; };
		524131971CBBD8A900D703A6 /* Info.plist */ = {isa = PBXFileReference; lastKnownFileType = text.plist.xml; path = Info.plist; sourceTree = "<group>"; };
		524131A31CBBD96100D703A6 /* AppDelegate.swift */ = {isa = PBXFileReference; fileEncoding = 4; lastKnownFileType = sourcecode.swift; path = AppDelegate.swift; sourceTree = "<group>"; };
		524131A41CBBD96100D703A6 /* LaunchScreen.storyboard */ = {isa = PBXFileReference; fileEncoding = 4; lastKnownFileType = file.storyboard; path = LaunchScreen.storyboard; sourceTree = "<group>"; };
		524131A51CBBD96100D703A6 /* Main.storyboard */ = {isa = PBXFileReference; fileEncoding = 4; lastKnownFileType = file.storyboard; path = Main.storyboard; sourceTree = "<group>"; };
		524131C81CBBDA4A00D703A6 /* ZEHomeViewController.swift */ = {isa = PBXFileReference; fileEncoding = 4; lastKnownFileType = sourcecode.swift; path = ZEHomeViewController.swift; sourceTree = "<group>"; };
		524131CA1CBBDA6C00D703A6 /* ZEHomeModel.swift */ = {isa = PBXFileReference; fileEncoding = 4; lastKnownFileType = sourcecode.swift; path = ZEHomeModel.swift; sourceTree = "<group>"; };
		524131CC1CBBE2F100D703A6 /* Assets.xcassets */ = {isa = PBXFileReference; lastKnownFileType = folder.assetcatalog; path = Assets.xcassets; sourceTree = "<group>"; };
		52687F291CBFC99F00C38EA5 /* ZEPageViewController.swift */ = {isa = PBXFileReference; fileEncoding = 4; lastKnownFileType = sourcecode.swift; path = ZEPageViewController.swift; sourceTree = "<group>"; };
		52687F2A1CBFC99F00C38EA5 /* ZETableViewController.swift */ = {isa = PBXFileReference; fileEncoding = 4; lastKnownFileType = sourcecode.swift; path = ZETableViewController.swift; sourceTree = "<group>"; };
		52687F2E1CBFC99F00C38EA5 /* ZECell.swift */ = {isa = PBXFileReference; fileEncoding = 4; lastKnownFileType = sourcecode.swift; path = ZECell.swift; sourceTree = "<group>"; };
		52687F2F1CBFC99F00C38EA5 /* ZECell.xib */ = {isa = PBXFileReference; fileEncoding = 4; lastKnownFileType = file.xib; path = ZECell.xib; sourceTree = "<group>"; };
		52687F301CBFC99F00C38EA5 /* ZEHeaderView.swift */ = {isa = PBXFileReference; fileEncoding = 4; lastKnownFileType = sourcecode.swift; path = ZEHeaderView.swift; sourceTree = "<group>"; };
		52687F311CBFC99F00C38EA5 /* ZEHeaderView.xib */ = {isa = PBXFileReference; fileEncoding = 4; lastKnownFileType = file.xib; path = ZEHeaderView.xib; sourceTree = "<group>"; };
		52687F321CBFC99F00C38EA5 /* ZEMenuView.swift */ = {isa = PBXFileReference; fileEncoding = 4; lastKnownFileType = sourcecode.swift; path = ZEMenuView.swift; sourceTree = "<group>"; };
		52687F331CBFC99F00C38EA5 /* ZETopView.swift */ = {isa = PBXFileReference; fileEncoding = 4; lastKnownFileType = sourcecode.swift; path = ZETopView.swift; sourceTree = "<group>"; };
		52687F341CBFC99F00C38EA5 /* ZETopView.xib */ = {isa = PBXFileReference; fileEncoding = 4; lastKnownFileType = file.xib; path = ZETopView.xib; sourceTree = "<group>"; };
		52687F3F1CBFD04600C38EA5 /* ZEIdentifreHeader.swift */ = {isa = PBXFileReference; fileEncoding = 4; lastKnownFileType = sourcecode.swift; path = ZEIdentifreHeader.swift; sourceTree = "<group>"; };
		52687F411CBFD09B00C38EA5 /* ZENote-Bridging-Header.h */ = {isa = PBXFileReference; lastKnownFileType = sourcecode.c.h; path = "ZENote-Bridging-Header.h"; sourceTree = "<group>"; };
		52687F461CBFD0DF00C38EA5 /* PrefixHeader.pch */ = {isa = PBXFileReference; lastKnownFileType = sourcecode.c.h; path = PrefixHeader.pch; sourceTree = "<group>"; };
		52687F471CBFD23100C38EA5 /* ZEPageConrolMacro.swift */ = {isa = PBXFileReference; fileEncoding = 4; lastKnownFileType = sourcecode.swift; path = ZEPageConrolMacro.swift; sourceTree = "<group>"; };
		5299B6571CD0C70B00238BCB /* ZENewStatusModel.swift */ = {isa = PBXFileReference; fileEncoding = 4; lastKnownFileType = sourcecode.swift; path = ZENewStatusModel.swift; sourceTree = "<group>"; };
		529C0B291CCB58AA0062757B /* XTStatusMdoel.swift */ = {isa = PBXFileReference; fileEncoding = 4; lastKnownFileType = sourcecode.swift; path = XTStatusMdoel.swift; sourceTree = "<group>"; };
		529C0B2B1CCB592B0062757B /* ZEStatusHeader.swift */ = {isa = PBXFileReference; fileEncoding = 4; lastKnownFileType = sourcecode.swift; path = ZEStatusHeader.swift; sourceTree = "<group>"; };
		529C0B2D1CCB59530062757B /* ZEHelperHeader.swift */ = {isa = PBXFileReference; fileEncoding = 4; lastKnownFileType = sourcecode.swift; path = ZEHelperHeader.swift; sourceTree = "<group>"; };
		52F0723C1CCA58EF00CBB569 /* AlbumToolbarView.swift */ = {isa = PBXFileReference; fileEncoding = 4; lastKnownFileType = sourcecode.swift; path = AlbumToolbarView.swift; sourceTree = "<group>"; };
		52F0723D1CCA58EF00CBB569 /* ImageModel.swift */ = {isa = PBXFileReference; fileEncoding = 4; lastKnownFileType = sourcecode.swift; path = ImageModel.swift; sourceTree = "<group>"; };
		52F0723E1CCA58EF00CBB569 /* NSIndexSet+Extension.swift */ = {isa = PBXFileReference; fileEncoding = 4; lastKnownFileType = sourcecode.swift; path = "NSIndexSet+Extension.swift"; sourceTree = "<group>"; };
		52F0723F1CCA58EF00CBB569 /* PhotoAlbumsTableViewController.swift */ = {isa = PBXFileReference; fileEncoding = 4; lastKnownFileType = sourcecode.swift; path = PhotoAlbumsTableViewController.swift; sourceTree = "<group>"; };
		52F072401CCA58EF00CBB569 /* PhotoAlbumTableViewCell.swift */ = {isa = PBXFileReference; fileEncoding = 4; lastKnownFileType = sourcecode.swift; path = PhotoAlbumTableViewCell.swift; sourceTree = "<group>"; };
		52F072411CCA58EF00CBB569 /* PhotoAlbumTableViewCell.xib */ = {isa = PBXFileReference; fileEncoding = 4; lastKnownFileType = file.xib; path = PhotoAlbumTableViewCell.xib; sourceTree = "<group>"; };
		52F072421CCA58EF00CBB569 /* photoCollectionViewCell.swift */ = {isa = PBXFileReference; fileEncoding = 4; lastKnownFileType = sourcecode.swift; path = photoCollectionViewCell.swift; sourceTree = "<group>"; };
		52F072431CCA58EF00CBB569 /* photoCollectionViewCell.xib */ = {isa = PBXFileReference; fileEncoding = 4; lastKnownFileType = file.xib; path = photoCollectionViewCell.xib; sourceTree = "<group>"; };
		52F072441CCA58EF00CBB569 /* PhotoCollectionViewController.swift */ = {isa = PBXFileReference; fileEncoding = 4; lastKnownFileType = sourcecode.swift; path = PhotoCollectionViewController.swift; sourceTree = "<group>"; };
		52F072451CCA58EF00CBB569 /* PhotoFetchOptions.swift */ = {isa = PBXFileReference; fileEncoding = 4; lastKnownFileType = sourcecode.swift; path = PhotoFetchOptions.swift; sourceTree = "<group>"; };
		52F072461CCA58EF00CBB569 /* PhotoImage.swift */ = {isa = PBXFileReference; fileEncoding = 4; lastKnownFileType = sourcecode.swift; path = PhotoImage.swift; sourceTree = "<group>"; };
		52F072471CCA58EF00CBB569 /* PhotoImageManager.swift */ = {isa = PBXFileReference; fileEncoding = 4; lastKnownFileType = sourcecode.swift; path = PhotoImageManager.swift; sourceTree = "<group>"; };
		52F072481CCA58EF00CBB569 /* PhotoPickerConfig.swift */ = {isa = PBXFileReference; fileEncoding = 4; lastKnownFileType = sourcecode.swift; path = PhotoPickerConfig.swift; sourceTree = "<group>"; };
		52F072491CCA58EF00CBB569 /* PhotoPickerController.swift */ = {isa = PBXFileReference; fileEncoding = 4; lastKnownFileType = sourcecode.swift; path = PhotoPickerController.swift; sourceTree = "<group>"; };
		52F0724A1CCA58EF00CBB569 /* PhotoPreviewBottomBarView.swift */ = {isa = PBXFileReference; fileEncoding = 4; lastKnownFileType = sourcecode.swift; path = PhotoPreviewBottomBarView.swift; sourceTree = "<group>"; };
		52F0724B1CCA58EF00CBB569 /* PhotoPreviewCell.swift */ = {isa = PBXFileReference; fileEncoding = 4; lastKnownFileType = sourcecode.swift; path = PhotoPreviewCell.swift; sourceTree = "<group>"; };
		52F0724C1CCA58EF00CBB569 /* PhotoPreviewToolbarView.swift */ = {isa = PBXFileReference; fileEncoding = 4; lastKnownFileType = sourcecode.swift; path = PhotoPreviewToolbarView.swift; sourceTree = "<group>"; };
		52F0724D1CCA58EF00CBB569 /* PhotoPreviewViewController.swift */ = {isa = PBXFileReference; fileEncoding = 4; lastKnownFileType = sourcecode.swift; path = PhotoPreviewViewController.swift; sourceTree = "<group>"; };
		52F0724E1CCA58EF00CBB569 /* UICollectionView+Extension.swift */ = {isa = PBXFileReference; fileEncoding = 4; lastKnownFileType = sourcecode.swift; path = "UICollectionView+Extension.swift"; sourceTree = "<group>"; };
		52F0724F1CCA58EF00CBB569 /* UIImage+Extension.swift */ = {isa = PBXFileReference; fileEncoding = 4; lastKnownFileType = sourcecode.swift; path = "UIImage+Extension.swift"; sourceTree = "<group>"; };
		52F072641CCA59F600CBB569 /* PhotoImageModel.swift */ = {isa = PBXFileReference; fileEncoding = 4; lastKnownFileType = sourcecode.swift; path = PhotoImageModel.swift; sourceTree = "<group>"; };
		52F072661CCA5A0100CBB569 /* ZENewStatusewController.swift */ = {isa = PBXFileReference; fileEncoding = 4; lastKnownFileType = sourcecode.swift; path = ZENewStatusewController.swift; sourceTree = "<group>"; };
		52F072681CCA5A1F00CBB569 /* SinglePhotoPreviewViewController.swift */ = {isa = PBXFileReference; fileEncoding = 4; lastKnownFileType = sourcecode.swift; path = SinglePhotoPreviewViewController.swift; sourceTree = "<group>"; };
		6F1CA53081DAF9F649760FEA /* libPods.a */ = {isa = PBXFileReference; explicitFileType = archive.ar; includeInIndex = 0; path = libPods.a; sourceTree = BUILT_PRODUCTS_DIR; };
/* End PBXFileReference section */

/* Begin PBXFrameworksBuildPhase section */
		524131851CBBD8A900D703A6 /* Frameworks */ = {
			isa = PBXFrameworksBuildPhase;
			buildActionMask = 2147483647;
			files = (
				CE103DB747624880DBC52E54 /* libPods.a in Frameworks */,
			);
			runOnlyForDeploymentPostprocessing = 0;
		};
/* End PBXFrameworksBuildPhase section */

/* Begin PBXGroup section */
		0AFF4EF2AB31459799FBF4D9 /* Frameworks */ = {
			isa = PBXGroup;
			children = (
				6F1CA53081DAF9F649760FEA /* libPods.a */,
			);
			name = Frameworks;
			sourceTree = "<group>";
		};
		5241317F1CBBD8A900D703A6 = {
			isa = PBXGroup;
			children = (
				5241318A1CBBD8A900D703A6 /* ZENote */,
				524131891CBBD8A900D703A6 /* Products */,
				6409F771295E4A6BAB6848A5 /* Pods */,
				0AFF4EF2AB31459799FBF4D9 /* Frameworks */,
			);
			sourceTree = "<group>";
		};
		524131891CBBD8A900D703A6 /* Products */ = {
			isa = PBXGroup;
			children = (
				524131881CBBD8A900D703A6 /* ZENote.app */,
			);
			name = Products;
			sourceTree = "<group>";
		};
		5241318A1CBBD8A900D703A6 /* ZENote */ = {
			isa = PBXGroup;
			children = (
				5241319D1CBBD96100D703A6 /* Class */,
				524131971CBBD8A900D703A6 /* Info.plist */,
				524131CC1CBBE2F100D703A6 /* Assets.xcassets */,
			);
			path = ZENote;
			sourceTree = "<group>";
		};
		5241319D1CBBD96100D703A6 /* Class */ = {
			isa = PBXGroup;
			children = (
				524131AD1CBBD96100D703A6 /* Vendors */,
				5241319E1CBBD96100D703A6 /* General */,
				5241319F1CBBD96100D703A6 /* Helpers */,
				524131A01CBBD96100D703A6 /* Macro */,
				524131A11CBBD96100D703A6 /* Models */,
				524131A21CBBD96100D703A6 /* Root */,
				524131A71CBBD96100D703A6 /* Scenes */,
			);
			path = Class;
			sourceTree = "<group>";
		};
		5241319E1CBBD96100D703A6 /* General */ = {
			isa = PBXGroup;
			children = (
			);
			path = General;
			sourceTree = "<group>";
		};
		5241319F1CBBD96100D703A6 /* Helpers */ = {
			isa = PBXGroup;
			children = (
				52216BE21CCA71470084CC7F /* XTStatusCloud.swift */,
			);
			path = Helpers;
			sourceTree = "<group>";
		};
		524131A01CBBD96100D703A6 /* Macro */ = {
			isa = PBXGroup;
			children = (
				52687F471CBFD23100C38EA5 /* ZEPageConrolMacro.swift */,
				52687F3F1CBFD04600C38EA5 /* ZEIdentifreHeader.swift */,
				52687F411CBFD09B00C38EA5 /* ZENote-Bridging-Header.h */,
				52687F461CBFD0DF00C38EA5 /* PrefixHeader.pch */,
				529C0B2B1CCB592B0062757B /* ZEStatusHeader.swift */,
				529C0B2D1CCB59530062757B /* ZEHelperHeader.swift */,
			);
			path = Macro;
			sourceTree = "<group>";
		};
		524131A11CBBD96100D703A6 /* Models */ = {
			isa = PBXGroup;
			children = (
				529C0B291CCB58AA0062757B /* XTStatusMdoel.swift */,
			);
			path = Models;
			sourceTree = "<group>";
		};
		524131A21CBBD96100D703A6 /* Root */ = {
			isa = PBXGroup;
			children = (
				524131A31CBBD96100D703A6 /* AppDelegate.swift */,
				524131A41CBBD96100D703A6 /* LaunchScreen.storyboard */,
				524131A51CBBD96100D703A6 /* Main.storyboard */,
			);
			path = Root;
			sourceTree = "<group>";
		};
		524131A71CBBD96100D703A6 /* Scenes */ = {
			isa = PBXGroup;
			children = (
				52AA4FED1CC3EC6B00C32B71 /* NewStatus */,
				524131A81CBBD96100D703A6 /* Home */,
			);
			path = Scenes;
			sourceTree = "<group>";
		};
		524131A81CBBD96100D703A6 /* Home */ = {
			isa = PBXGroup;
			children = (
				524131A91CBBD96100D703A6 /* Controller */,
				524131AA1CBBD96100D703A6 /* Model */,
				524131AB1CBBD96100D703A6 /* View */,
			);
			path = Home;
			sourceTree = "<group>";
		};
		524131A91CBBD96100D703A6 /* Controller */ = {
			isa = PBXGroup;
			children = (
				524131C81CBBDA4A00D703A6 /* ZEHomeViewController.swift */,
			);
			path = Controller;
			sourceTree = "<group>";
		};
		524131AA1CBBD96100D703A6 /* Model */ = {
			isa = PBXGroup;
			children = (
				524131CA1CBBDA6C00D703A6 /* ZEHomeModel.swift */,
			);
			path = Model;
			sourceTree = "<group>";
		};
		524131AB1CBBD96100D703A6 /* View */ = {
			isa = PBXGroup;
			children = (
			);
			path = View;
			sourceTree = "<group>";
		};
		524131AD1CBBD96100D703A6 /* Vendors */ = {
			isa = PBXGroup;
			children = (
				52F0723B1CCA58EF00CBB569 /* core */,
				52917C251CC0E97C0018CB58 /* ZEFile */,
				52687F271CBFC99F00C38EA5 /* ZEPageView */,
			);
			path = Vendors;
			sourceTree = "<group>";
		};
		52687F271CBFC99F00C38EA5 /* ZEPageView */ = {
			isa = PBXGroup;
			children = (
				52687F2B1CBFC99F00C38EA5 /* Model */,
				52687F281CBFC99F00C38EA5 /* Controller */,
				52687F2D1CBFC99F00C38EA5 /* View */,
			);
			path = ZEPageView;
			sourceTree = "<group>";
		};
		52687F281CBFC99F00C38EA5 /* Controller */ = {
			isa = PBXGroup;
			children = (
				52687F291CBFC99F00C38EA5 /* ZEPageViewController.swift */,
				52687F2A1CBFC99F00C38EA5 /* ZETableViewController.swift */,
			);
			path = Controller;
			sourceTree = "<group>";
		};
		52687F2B1CBFC99F00C38EA5 /* Model */ = {
			isa = PBXGroup;
			children = (
				520AE6181CC07B7600532C55 /* ZETableModel.swift */,
				520AE61E1CC0A1AB00532C55 /* ZETableDataSource.swift */,
			);
			path = Model;
			sourceTree = "<group>";
		};
		52687F2D1CBFC99F00C38EA5 /* View */ = {
			isa = PBXGroup;
			children = (
				52687F2E1CBFC99F00C38EA5 /* ZECell.swift */,
				52687F2F1CBFC99F00C38EA5 /* ZECell.xib */,
				52687F301CBFC99F00C38EA5 /* ZEHeaderView.swift */,
				52687F311CBFC99F00C38EA5 /* ZEHeaderView.xib */,
				52687F321CBFC99F00C38EA5 /* ZEMenuView.swift */,
				52687F331CBFC99F00C38EA5 /* ZETopView.swift */,
				52687F341CBFC99F00C38EA5 /* ZETopView.xib */,
				520AE6141CC0783900532C55 /* ZENewTimeLineHeaderView.swift */,
				520AE6161CC0784800532C55 /* ZENewTimeLineHeaderView.xib */,
			);
			path = View;
			sourceTree = "<group>";
		};
		52917C251CC0E97C0018CB58 /* ZEFile */ = {
			isa = PBXGroup;
			children = (
			);
			path = ZEFile;
			sourceTree = "<group>";
		};
		52AA4FED1CC3EC6B00C32B71 /* NewStatus */ = {
			isa = PBXGroup;
			children = (
				52AA4FEE1CC3EC6B00C32B71 /* Controller */,
				52AA4FEF1CC3EC6B00C32B71 /* Model */,
				52AA4FF01CC3EC6B00C32B71 /* View */,
			);
			path = NewStatus;
			sourceTree = "<group>";
		};
		52AA4FEE1CC3EC6B00C32B71 /* Controller */ = {
			isa = PBXGroup;
			children = (
				52F072661CCA5A0100CBB569 /* ZENewStatusewController.swift */,
			);
			path = Controller;
			sourceTree = "<group>";
		};
		52AA4FEF1CC3EC6B00C32B71 /* Model */ = {
			isa = PBXGroup;
			children = (
				5299B6571CD0C70B00238BCB /* ZENewStatusModel.swift */,
			);
			path = Model;
			sourceTree = "<group>";
		};
		52AA4FF01CC3EC6B00C32B71 /* View */ = {
			isa = PBXGroup;
			children = (
			);
			path = View;
			sourceTree = "<group>";
		};
		52F0723B1CCA58EF00CBB569 /* core */ = {
			isa = PBXGroup;
			children = (
				52F072681CCA5A1F00CBB569 /* SinglePhotoPreviewViewController.swift */,
				52F072641CCA59F600CBB569 /* PhotoImageModel.swift */,
				52F0723C1CCA58EF00CBB569 /* AlbumToolbarView.swift */,
				52F0723D1CCA58EF00CBB569 /* ImageModel.swift */,
				52F0723E1CCA58EF00CBB569 /* NSIndexSet+Extension.swift */,
				52F0723F1CCA58EF00CBB569 /* PhotoAlbumsTableViewController.swift */,
				52F072401CCA58EF00CBB569 /* PhotoAlbumTableViewCell.swift */,
				52F072411CCA58EF00CBB569 /* PhotoAlbumTableViewCell.xib */,
				52F072421CCA58EF00CBB569 /* photoCollectionViewCell.swift */,
				52F072431CCA58EF00CBB569 /* photoCollectionViewCell.xib */,
				52F072441CCA58EF00CBB569 /* PhotoCollectionViewController.swift */,
				52F072451CCA58EF00CBB569 /* PhotoFetchOptions.swift */,
				52F072461CCA58EF00CBB569 /* PhotoImage.swift */,
				52F072471CCA58EF00CBB569 /* PhotoImageManager.swift */,
				52F072481CCA58EF00CBB569 /* PhotoPickerConfig.swift */,
				52F072491CCA58EF00CBB569 /* PhotoPickerController.swift */,
				52F0724A1CCA58EF00CBB569 /* PhotoPreviewBottomBarView.swift */,
				52F0724B1CCA58EF00CBB569 /* PhotoPreviewCell.swift */,
				52F0724C1CCA58EF00CBB569 /* PhotoPreviewToolbarView.swift */,
				52F0724D1CCA58EF00CBB569 /* PhotoPreviewViewController.swift */,
				52F0724E1CCA58EF00CBB569 /* UICollectionView+Extension.swift */,
				52F0724F1CCA58EF00CBB569 /* UIImage+Extension.swift */,
			);
			path = core;
			sourceTree = "<group>";
		};
		6409F771295E4A6BAB6848A5 /* Pods */ = {
			isa = PBXGroup;
			children = (
				1AF093CAE6281D9F5AE5BE35 /* Pods.debug.xcconfig */,
				017A3456417BEC410C35098D /* Pods.release.xcconfig */,
			);
			name = Pods;
			sourceTree = "<group>";
		};
/* End PBXGroup section */

/* Begin PBXNativeTarget section */
		524131871CBBD8A900D703A6 /* ZENote */ = {
			isa = PBXNativeTarget;
			buildConfigurationList = 5241319A1CBBD8A900D703A6 /* Build configuration list for PBXNativeTarget "ZENote" */;
			buildPhases = (
				A1860A5B3D9D7490DB0685C0 /* Check Pods Manifest.lock */,
				524131841CBBD8A900D703A6 /* Sources */,
				524131851CBBD8A900D703A6 /* Frameworks */,
				524131861CBBD8A900D703A6 /* Resources */,
				7D74803FC4D5F3562C0DC6A1 /* Embed Pods Frameworks */,
				8D05E569F77303C2B91678B2 /* Copy Pods Resources */,
			);
			buildRules = (
			);
			dependencies = (
			);
			name = ZENote;
			productName = ZENote;
			productReference = 524131881CBBD8A900D703A6 /* ZENote.app */;
			productType = "com.apple.product-type.application";
		};
/* End PBXNativeTarget section */

/* Begin PBXProject section */
		524131801CBBD8A900D703A6 /* Project object */ = {
			isa = PBXProject;
			attributes = {
				LastSwiftUpdateCheck = 0730;
				LastUpgradeCheck = 0730;
				ORGANIZATIONNAME = "胡春源";
				TargetAttributes = {
					524131871CBBD8A900D703A6 = {
						CreatedOnToolsVersion = 7.3;
					};
				};
			};
			buildConfigurationList = 524131831CBBD8A900D703A6 /* Build configuration list for PBXProject "ZENote" */;
			compatibilityVersion = "Xcode 3.2";
			developmentRegion = English;
			hasScannedForEncodings = 0;
			knownRegions = (
				en,
				Base,
			);
			mainGroup = 5241317F1CBBD8A900D703A6;
			productRefGroup = 524131891CBBD8A900D703A6 /* Products */;
			projectDirPath = "";
			projectRoot = "";
			targets = (
				524131871CBBD8A900D703A6 /* ZENote */,
			);
		};
/* End PBXProject section */

/* Begin PBXResourcesBuildPhase section */
		524131861CBBD8A900D703A6 /* Resources */ = {
			isa = PBXResourcesBuildPhase;
			buildActionMask = 2147483647;
			files = (
				524131B01CBBD96100D703A6 /* Main.storyboard in Resources */,
				520AE6171CC0784800532C55 /* ZENewTimeLineHeaderView.xib in Resources */,
				52F072551CCA58EF00CBB569 /* PhotoAlbumTableViewCell.xib in Resources */,
				524131AF1CBBD96100D703A6 /* LaunchScreen.storyboard in Resources */,
				52687F391CBFC99F00C38EA5 /* ZECell.xib in Resources */,
				52687F3E1CBFC99F00C38EA5 /* ZETopView.xib in Resources */,
				52F072571CCA58EF00CBB569 /* photoCollectionViewCell.xib in Resources */,
				524131CD1CBBE2F100D703A6 /* Assets.xcassets in Resources */,
				52687F3B1CBFC99F00C38EA5 /* ZEHeaderView.xib in Resources */,
			);
			runOnlyForDeploymentPostprocessing = 0;
		};
/* End PBXResourcesBuildPhase section */

/* Begin PBXShellScriptBuildPhase section */
		7D74803FC4D5F3562C0DC6A1 /* Embed Pods Frameworks */ = {
			isa = PBXShellScriptBuildPhase;
			buildActionMask = 2147483647;
			files = (
			);
			inputPaths = (
			);
			name = "Embed Pods Frameworks";
			outputPaths = (
			);
			runOnlyForDeploymentPostprocessing = 0;
			shellPath = /bin/sh;
			shellScript = "\"${SRCROOT}/Pods/Target Support Files/Pods/Pods-frameworks.sh\"\n";
			showEnvVarsInLog = 0;
		};
		8D05E569F77303C2B91678B2 /* Copy Pods Resources */ = {
			isa = PBXShellScriptBuildPhase;
			buildActionMask = 2147483647;
			files = (
			);
			inputPaths = (
			);
			name = "Copy Pods Resources";
			outputPaths = (
			);
			runOnlyForDeploymentPostprocessing = 0;
			shellPath = /bin/sh;
			shellScript = "\"${SRCROOT}/Pods/Target Support Files/Pods/Pods-resources.sh\"\n";
			showEnvVarsInLog = 0;
		};
		A1860A5B3D9D7490DB0685C0 /* Check Pods Manifest.lock */ = {
			isa = PBXShellScriptBuildPhase;
			buildActionMask = 2147483647;
			files = (
			);
			inputPaths = (
			);
			name = "Check Pods Manifest.lock";
			outputPaths = (
			);
			runOnlyForDeploymentPostprocessing = 0;
			shellPath = /bin/sh;
			shellScript = "diff \"${PODS_ROOT}/../Podfile.lock\" \"${PODS_ROOT}/Manifest.lock\" > /dev/null\nif [[ $? != 0 ]] ; then\n    cat << EOM\nerror: The sandbox is not in sync with the Podfile.lock. Run 'pod install' or update your CocoaPods installation.\nEOM\n    exit 1\nfi\n";
			showEnvVarsInLog = 0;
		};
/* End PBXShellScriptBuildPhase section */

/* Begin PBXSourcesBuildPhase section */
		524131841CBBD8A900D703A6 /* Sources */ = {
			isa = PBXSourcesBuildPhase;
			buildActionMask = 2147483647;
			files = (
				52F072501CCA58EF00CBB569 /* AlbumToolbarView.swift in Sources */,
				520AE6191CC07B7600532C55 /* ZETableModel.swift in Sources */,
				52687F3A1CBFC99F00C38EA5 /* ZEHeaderView.swift in Sources */,
				52687F361CBFC99F00C38EA5 /* ZETableViewController.swift in Sources */,
				52F0725F1CCA58EF00CBB569 /* PhotoPreviewCell.swift in Sources */,
				52687F351CBFC99F00C38EA5 /* ZEPageViewController.swift in Sources */,
				52F072651CCA59F600CBB569 /* PhotoImageModel.swift in Sources */,
				529C0B2A1CCB58AA0062757B /* XTStatusMdoel.swift in Sources */,
				520AE61F1CC0A1AB00532C55 /* ZETableDataSource.swift in Sources */,
				52F072591CCA58EF00CBB569 /* PhotoFetchOptions.swift in Sources */,
				52F072521CCA58EF00CBB569 /* NSIndexSet+Extension.swift in Sources */,
				52F072631CCA58EF00CBB569 /* UIImage+Extension.swift in Sources */,
				524131AE1CBBD96100D703A6 /* AppDelegate.swift in Sources */,
				52F0725B1CCA58EF00CBB569 /* PhotoImageManager.swift in Sources */,
				520AE6151CC0783900532C55 /* ZENewTimeLineHeaderView.swift in Sources */,
				52F072531CCA58EF00CBB569 /* PhotoAlbumsTableViewController.swift in Sources */,
				529C0B2C1CCB592B0062757B /* ZEStatusHeader.swift in Sources */,
				52F072611CCA58EF00CBB569 /* PhotoPreviewViewController.swift in Sources */,
				52687F381CBFC99F00C38EA5 /* ZECell.swift in Sources */,
				529C0B2E1CCB59530062757B /* ZEHelperHeader.swift in Sources */,
				52F072691CCA5A1F00CBB569 /* SinglePhotoPreviewViewController.swift in Sources */,
				52687F401CBFD04600C38EA5 /* ZEIdentifreHeader.swift in Sources */,
				52F072621CCA58EF00CBB569 /* UICollectionView+Extension.swift in Sources */,
				52F072511CCA58EF00CBB569 /* ImageModel.swift in Sources */,
				52F0725D1CCA58EF00CBB569 /* PhotoPickerController.swift in Sources */,
				524131CB1CBBDA6C00D703A6 /* ZEHomeModel.swift in Sources */,
				52F0725A1CCA58EF00CBB569 /* PhotoImage.swift in Sources */,
				52F072601CCA58EF00CBB569 /* PhotoPreviewToolbarView.swift in Sources */,
				52216BE31CCA71470084CC7F /* XTStatusCloud.swift in Sources */,
				52F072671CCA5A0100CBB569 /* ZENewStatusewController.swift in Sources */,
				52687F481CBFD23100C38EA5 /* ZEPageConrolMacro.swift in Sources */,
				52687F3D1CBFC99F00C38EA5 /* ZETopView.swift in Sources */,
				52F0725C1CCA58EF00CBB569 /* PhotoPickerConfig.swift in Sources */,
				524131C91CBBDA4A00D703A6 /* ZEHomeViewController.swift in Sources */,
				52F072541CCA58EF00CBB569 /* PhotoAlbumTableViewCell.swift in Sources */,
				52F072581CCA58EF00CBB569 /* PhotoCollectionViewController.swift in Sources */,
				52F072561CCA58EF00CBB569 /* photoCollectionViewCell.swift in Sources */,
				52687F3C1CBFC99F00C38EA5 /* ZEMenuView.swift in Sources */,
				52F0725E1CCA58EF00CBB569 /* PhotoPreviewBottomBarView.swift in Sources */,
				5299B6581CD0C70B00238BCB /* ZENewStatusModel.swift in Sources */,
			);
			runOnlyForDeploymentPostprocessing = 0;
		};
/* End PBXSourcesBuildPhase section */

/* Begin XCBuildConfiguration section */
		524131981CBBD8A900D703A6 /* Debug */ = {
			isa = XCBuildConfiguration;
			buildSettings = {
				ALWAYS_SEARCH_USER_PATHS = NO;
				CLANG_ANALYZER_NONNULL = YES;
				CLANG_CXX_LANGUAGE_STANDARD = "gnu++0x";
				CLANG_CXX_LIBRARY = "libc++";
				CLANG_ENABLE_MODULES = YES;
				CLANG_ENABLE_OBJC_ARC = YES;
				CLANG_WARN_BOOL_CONVERSION = YES;
				CLANG_WARN_CONSTANT_CONVERSION = YES;
				CLANG_WARN_DIRECT_OBJC_ISA_USAGE = YES_ERROR;
				CLANG_WARN_EMPTY_BODY = YES;
				CLANG_WARN_ENUM_CONVERSION = YES;
				CLANG_WARN_INT_CONVERSION = YES;
				CLANG_WARN_OBJC_ROOT_CLASS = YES_ERROR;
				CLANG_WARN_UNREACHABLE_CODE = YES;
				CLANG_WARN__DUPLICATE_METHOD_MATCH = YES;
				"CODE_SIGN_IDENTITY[sdk=iphoneos*]" = "iPhone Developer";
				COPY_PHASE_STRIP = NO;
				DEBUG_INFORMATION_FORMAT = dwarf;
				ENABLE_STRICT_OBJC_MSGSEND = YES;
				ENABLE_TESTABILITY = YES;
				GCC_C_LANGUAGE_STANDARD = gnu99;
				GCC_DYNAMIC_NO_PIC = NO;
				GCC_NO_COMMON_BLOCKS = YES;
				GCC_OPTIMIZATION_LEVEL = 0;
				GCC_PREPROCESSOR_DEFINITIONS = (
					"DEBUG=1",
					"$(inherited)",
				);
				GCC_WARN_64_TO_32_BIT_CONVERSION = YES;
				GCC_WARN_ABOUT_RETURN_TYPE = YES_ERROR;
				GCC_WARN_UNDECLARED_SELECTOR = YES;
				GCC_WARN_UNINITIALIZED_AUTOS = YES_AGGRESSIVE;
				GCC_WARN_UNUSED_FUNCTION = YES;
				GCC_WARN_UNUSED_VARIABLE = YES;
				IPHONEOS_DEPLOYMENT_TARGET = 9.3;
				MTL_ENABLE_DEBUG_INFO = YES;
				ONLY_ACTIVE_ARCH = YES;
				SDKROOT = iphoneos;
				SWIFT_OPTIMIZATION_LEVEL = "-Onone";
			};
			name = Debug;
		};
		524131991CBBD8A900D703A6 /* Release */ = {
			isa = XCBuildConfiguration;
			buildSettings = {
				ALWAYS_SEARCH_USER_PATHS = NO;
				CLANG_ANALYZER_NONNULL = YES;
				CLANG_CXX_LANGUAGE_STANDARD = "gnu++0x";
				CLANG_CXX_LIBRARY = "libc++";
				CLANG_ENABLE_MODULES = YES;
				CLANG_ENABLE_OBJC_ARC = YES;
				CLANG_WARN_BOOL_CONVERSION = YES;
				CLANG_WARN_CONSTANT_CONVERSION = YES;
				CLANG_WARN_DIRECT_OBJC_ISA_USAGE = YES_ERROR;
				CLANG_WARN_EMPTY_BODY = YES;
				CLANG_WARN_ENUM_CONVERSION = YES;
				CLANG_WARN_INT_CONVERSION = YES;
				CLANG_WARN_OBJC_ROOT_CLASS = YES_ERROR;
				CLANG_WARN_UNREACHABLE_CODE = YES;
				CLANG_WARN__DUPLICATE_METHOD_MATCH = YES;
				"CODE_SIGN_IDENTITY[sdk=iphoneos*]" = "iPhone Developer";
				COPY_PHASE_STRIP = NO;
				DEBUG_INFORMATION_FORMAT = "dwarf-with-dsym";
				ENABLE_NS_ASSERTIONS = NO;
				ENABLE_STRICT_OBJC_MSGSEND = YES;
				GCC_C_LANGUAGE_STANDARD = gnu99;
				GCC_NO_COMMON_BLOCKS = YES;
				GCC_WARN_64_TO_32_BIT_CONVERSION = YES;
				GCC_WARN_ABOUT_RETURN_TYPE = YES_ERROR;
				GCC_WARN_UNDECLARED_SELECTOR = YES;
				GCC_WARN_UNINITIALIZED_AUTOS = YES_AGGRESSIVE;
				GCC_WARN_UNUSED_FUNCTION = YES;
				GCC_WARN_UNUSED_VARIABLE = YES;
				IPHONEOS_DEPLOYMENT_TARGET = 9.3;
				MTL_ENABLE_DEBUG_INFO = NO;
				SDKROOT = iphoneos;
				VALIDATE_PRODUCT = YES;
			};
			name = Release;
		};
		5241319B1CBBD8A900D703A6 /* Debug */ = {
			isa = XCBuildConfiguration;
			baseConfigurationReference = 1AF093CAE6281D9F5AE5BE35 /* Pods.debug.xcconfig */;
			buildSettings = {
				ASSETCATALOG_COMPILER_APPICON_NAME = AppIcon;
				CLANG_ENABLE_MODULES = YES;
				GCC_PRECOMPILE_PREFIX_HEADER = NO;
				GCC_PREFIX_HEADER = "$(SRCROOT)/ZENote/Class/Macro/PrefixHeader.pch";
				INFOPLIST_FILE = ZENote/Info.plist;
				LD_RUNPATH_SEARCH_PATHS = "$(inherited) @executable_path/Frameworks";
				PRODUCT_BUNDLE_IDENTIFIER = com.Lafree.www.ZENote;
				PRODUCT_NAME = "$(TARGET_NAME)";
				SWIFT_OBJC_BRIDGING_HEADER = "ZENote/Class/Macro/ZENote-Bridging-Header.h";
				SWIFT_OPTIMIZATION_LEVEL = "-Onone";
			};
			name = Debug;
		};
		5241319C1CBBD8A900D703A6 /* Release */ = {
			isa = XCBuildConfiguration;
			baseConfigurationReference = 017A3456417BEC410C35098D /* Pods.release.xcconfig */;
			buildSettings = {
				ASSETCATALOG_COMPILER_APPICON_NAME = AppIcon;
				CLANG_ENABLE_MODULES = YES;
				GCC_PRECOMPILE_PREFIX_HEADER = NO;
				GCC_PREFIX_HEADER = "$(SRCROOT)/ZENote/Class/Macro/PrefixHeader.pch";
				INFOPLIST_FILE = ZENote/Info.plist;
				LD_RUNPATH_SEARCH_PATHS = "$(inherited) @executable_path/Frameworks";
				PRODUCT_BUNDLE_IDENTIFIER = com.Lafree.www.ZENote;
				PRODUCT_NAME = "$(TARGET_NAME)";
				SWIFT_OBJC_BRIDGING_HEADER = "ZENote/Class/Macro/ZENote-Bridging-Header.h";
			};
			name = Release;
		};
/* End XCBuildConfiguration section */

/* Begin XCConfigurationList section */
		524131831CBBD8A900D703A6 /* Build configuration list for PBXProject "ZENote" */ = {
			isa = XCConfigurationList;
			buildConfigurations = (
				524131981CBBD8A900D703A6 /* Debug */,
				524131991CBBD8A900D703A6 /* Release */,
			);
			defaultConfigurationIsVisible = 0;
			defaultConfigurationName = Release;
		};
		5241319A1CBBD8A900D703A6 /* Build configuration list for PBXNativeTarget "ZENote" */ = {
			isa = XCConfigurationList;
			buildConfigurations = (
				5241319B1CBBD8A900D703A6 /* Debug */,
				5241319C1CBBD8A900D703A6 /* Release */,
			);
			defaultConfigurationIsVisible = 0;
			defaultConfigurationName = Release;
		};
/* End XCConfigurationList section */
	};
	rootObject = 524131801CBBD8A900D703A6 /* Project object */;
}
